
Microsoft Visual Studio Solution File, Format Version 12.00
# Visual Studio Version 17
VisualStudioVersion = 17.5.33516.290
MinimumVisualStudioVersion = 10.0.40219.1
Project("{FAE04EC0-301F-11D3-BF4B-00C04F79EFBC}") = "JWTToken", "JWTToken\JWTToken.csproj", "{CDD015E7-4608-46EB-80C6-0CA8F595DEBF}"
EndProject
Global
	GlobalSection(SolutionConfigurationPlatforms) = preSolution
		Debug|Any CPU = Debug|Any CPU
		Release|Any CPU = Release|Any CPU
	EndGlobalSection
	GlobalSection(ProjectConfigurationPlatforms) = postSolution
		{CDD015E7-4608-46EB-80C6-0CA8F595DEBF}.Debug|Any CPU.ActiveCfg = Debug|Any CPU
		{CDD015E7-4608-46EB-80C6-0CA8F595DEBF}.Debug|Any CPU.Build.0 = Debug|Any CPU
		{CDD015E7-4608-46EB-80C6-0CA8F595DEBF}.Release|Any CPU.ActiveCfg = Release|Any CPU
		{CDD015E7-4608-46EB-80C6-0CA8F595DEBF}.Release|Any CPU.Build.0 = Release|Any CPU
	EndGlobalSection
	GlobalSection(SolutionProperties) = preSolution
		HideSolutionNode = FALSE
	EndGlobalSection
	GlobalSection(ExtensibilityGlobals) = postSolution
		SolutionGuid = {CFE5E086-77BD-4CC8-8567-86F6CC8056C8}
	EndGlobalSection
EndGlobal
